{
  "name": "signv4",
  "version": "1.0.0",
  "lockfileVersion": 3,
  "requires": true,
  "packages": {
    "": {
      "name": "signv4",
      "version": "1.0.0",
      "license": "ISC",
      "dependencies": {
        "@aws-crypto/sha256-js": "^5.2.0",
        "@smithy/protocol-http": "^3.3.0",
        "@smithy/signature-v4": "^2.3.0"
      }
    },
    "node_modules/@aws-crypto/sha256-js": {
      "version": "5.2.0",
      "resolved": "https://registry.npmjs.org/@aws-crypto/sha256-js/-/sha256-js-5.2.0.tgz",
      "integrity": "sha512-FFQQyu7edu4ufvIZ+OadFpHHOt+eSTBaYaki44c+akjg7qZg9oOQeLlk77F6tSYqjDAFClrHJk9tMf0HdVyOvA==",
      "dependencies": {
        "@aws-crypto/util": "^5.2.0",
        "@aws-sdk/types": "^3.222.0",
        "tslib": "^2.6.2"
      },
      "engines": {
        "node": ">=16.0.0"
      }
    },
    "node_modules/@aws-crypto/util": {
      "version": "5.2.0",
      "resolved": "https://registry.npmjs.org/@aws-crypto/util/-/util-5.2.0.tgz",
      "integrity": "sha512-4RkU9EsI6ZpBve5fseQlGNUWKMa1RLPQ1dnjnQoe07ldfIzcsGb5hC5W0Dm7u423KWzawlrpbjXBrXCEv9zazQ==",
      "dependencies": {
        "@aws-sdk/types": "^3.222.0",
        "@smithy/util-utf8": "^2.0.0",
        "tslib": "^2.6.2"
      }
    },
    "node_modules/@aws-sdk/types": {
      "version": "3.535.0",
      "resolved": "https://registry.npmjs.org/@aws-sdk/types/-/types-3.535.0.tgz",
      "integrity": "sha512-aY4MYfduNj+sRR37U7XxYR8wemfbKP6lx00ze2M2uubn7mZotuVrWYAafbMSXrdEMSToE5JDhr28vArSOoLcSg==",
      "dependencies": {
        "@smithy/types": "^2.12.0",
        "tslib": "^2.6.2"
      },
      "engines": {
        "node": ">=14.0.0"
      }
    },
    "node_modules/@smithy/is-array-buffer": {
      "version": "2.2.0",
      "resolved": "https://registry.npmjs.org/@smithy/is-array-buffer/-/is-array-buffer-2.2.0.tgz",
      "integrity": "sha512-GGP3O9QFD24uGeAXYUjwSTXARoqpZykHadOmA8G5vfJPK0/DC67qa//0qvqrJzL1xc8WQWX7/yc7fwudjPHPhA==",
      "dependencies": {
        "tslib": "^2.6.2"
      },
      "engines": {
        "node": ">=14.0.0"
      }
    },
    "node_modules/@smithy/protocol-http": {
      "version": "3.3.0",
      "resolved": "https://registry.npmjs.org/@smithy/protocol-http/-/protocol-http-3.3.0.tgz",
      "integrity": "sha512-Xy5XK1AFWW2nlY/biWZXu6/krgbaf2dg0q492D8M5qthsnU2H+UgFeZLbM76FnH7s6RO/xhQRkj+T6KBO3JzgQ==",
      "dependencies": {
        "@smithy/types": "^2.12.0",
        "tslib": "^2.6.2"
      },
      "engines": {
        "node": ">=14.0.0"
      }
    },
    "node_modules/@smithy/signature-v4": {
      "version": "2.3.0",
      "resolved": "https://registry.npmjs.org/@smithy/signature-v4/-/signature-v4-2.3.0.tgz",
      "integrity": "sha512-ui/NlpILU+6HAQBfJX8BBsDXuKSNrjTSuOYArRblcrErwKFutjrCNb/OExfVRyj9+26F9J+ZmfWT+fKWuDrH3Q==",
      "dependencies": {
        "@smithy/is-array-buffer": "^2.2.0",
        "@smithy/types": "^2.12.0",
        "@smithy/util-hex-encoding": "^2.2.0",
        "@smithy/util-middleware": "^2.2.0",
        "@smithy/util-uri-escape": "^2.2.0",
        "@smithy/util-utf8": "^2.3.0",
        "tslib": "^2.6.2"
      },
      "engines": {
        "node": ">=14.0.0"
      }
    },
    "node_modules/@smithy/types": {
      "version": "2.12.0",
      "resolved": "https://registry.npmjs.org/@smithy/types/-/types-2.12.0.tgz",
      "integrity": "sha512-QwYgloJ0sVNBeBuBs65cIkTbfzV/Q6ZNPCJ99EICFEdJYG50nGIY/uYXp+TbsdJReIuPr0a0kXmCvren3MbRRw==",
      "dependencies": {
        "tslib": "^2.6.2"
      },
      "engines": {
        "node": ">=14.0.0"
      }
    },
    "node_modules/@smithy/util-buffer-from": {
      "version": "2.2.0",
      "resolved": "https://registry.npmjs.org/@smithy/util-buffer-from/-/util-buffer-from-2.2.0.tgz",
      "integrity": "sha512-IJdWBbTcMQ6DA0gdNhh/BwrLkDR+ADW5Kr1aZmd4k3DIF6ezMV4R2NIAmT08wQJ3yUK82thHWmC/TnK/wpMMIA==",
      "dependencies": {
        "@smithy/is-array-buffer": "^2.2.0",
        "tslib": "^2.6.2"
      },
      "engines": {
        "node": ">=14.0.0"
      }
    },
    "node_modules/@smithy/util-hex-encoding": {
      "version": "2.2.0",
      "resolved": "https://registry.npmjs.org/@smithy/util-hex-encoding/-/util-hex-encoding-2.2.0.tgz",
      "integrity": "sha512-7iKXR+/4TpLK194pVjKiasIyqMtTYJsgKgM242Y9uzt5dhHnUDvMNb+3xIhRJ9QhvqGii/5cRUt4fJn3dtXNHQ==",
      "dependencies": {
        "tslib": "^2.6.2"
      },
      "engines": {
        "node": ">=14.0.0"
      }
    },
    "node_modules/@smithy/util-middleware": {
      "version": "2.2.0",
      "resolved": "https://registry.npmjs.org/@smithy/util-middleware/-/util-middleware-2.2.0.tgz",
      "integrity": "sha512-L1qpleXf9QD6LwLCJ5jddGkgWyuSvWBkJwWAZ6kFkdifdso+sk3L3O1HdmPvCdnCK3IS4qWyPxev01QMnfHSBw==",
      "dependencies": {
        "@smithy/types": "^2.12.0",
        "tslib": "^2.6.2"
      },
      "engines": {
        "node": ">=14.0.0"
      }
    },
    "node_modules/@smithy/util-uri-escape": {
      "version": "2.2.0",
      "resolved": "https://registry.npmjs.org/@smithy/util-uri-escape/-/util-uri-escape-2.2.0.tgz",
      "integrity": "sha512-jtmJMyt1xMD/d8OtbVJ2gFZOSKc+ueYJZPW20ULW1GOp/q/YIM0wNh+u8ZFao9UaIGz4WoPW8hC64qlWLIfoDA==",
      "dependencies": {
        "tslib": "^2.6.2"
      },
      "engines": {
        "node": ">=14.0.0"
      }
    },
    "node_modules/@smithy/util-utf8": {
      "version": "2.3.0",
      "resolved": "https://registry.npmjs.org/@smithy/util-utf8/-/util-utf8-2.3.0.tgz",
      "integrity": "sha512-R8Rdn8Hy72KKcebgLiv8jQcQkXoLMOGGv5uI1/k0l+snqkOzQ1R0ChUBCxWMlBsFMekWjq0wRudIweFs7sKT5A==",
      "dependencies": {
        "@smithy/util-buffer-from": "^2.2.0",
        "tslib": "^2.6.2"
      },
      "engines": {
        "node": ">=14.0.0"
      }
    },
    "node_modules/tslib": {
      "version": "2.6.2",
      "resolved": "https://registry.npmjs.org/tslib/-/tslib-2.6.2.tgz",
      "integrity": "sha512-AEYxH93jGFPn/a2iVAwW87VuUIkR1FVUKB77NwMF7nBTDkDrrT/Hpt/IrCJ0QXhW27jTBDcf5ZY7w6RiqTMw2Q=="
    }
  }
}
